
Microsoft Visual Studio Solution File, Format Version 12.00
# Visual Studio Version 17
VisualStudioVersion = 17.1.32228.430
MinimumVisualStudioVersion = 10.0.40219.1
Project("{FAE04EC0-301F-11D3-BF4B-00C04F79EFBC}") = "GraphQLDemo", "GraphQLDemo\GraphQLDemo.csproj", "{E86A33DD-4297-48DC-938D-19E85836A5B0}"
EndProject
Global
	GlobalSection(SolutionConfigurationPlatforms) = preSolution
		Debug|Any CPU = Debug|Any CPU
		Release|Any CPU = Release|Any CPU
	EndGlobalSection
	GlobalSection(ProjectConfigurationPlatforms) = postSolution
		{E86A33DD-4297-48DC-938D-19E85836A5B0}.Debug|Any CPU.ActiveCfg = Debug|Any CPU
		{E86A33DD-4297-48DC-938D-19E85836A5B0}.Debug|Any CPU.Build.0 = Debug|Any CPU
		{E86A33DD-4297-48DC-938D-19E85836A5B0}.Release|Any CPU.ActiveCfg = Release|Any CPU
		{E86A33DD-4297-48DC-938D-19E85836A5B0}.Release|Any CPU.Build.0 = Release|Any CPU
	EndGlobalSection
	GlobalSection(SolutionProperties) = preSolution
		HideSolutionNode = FALSE
	EndGlobalSection
	GlobalSection(ExtensibilityGlobals) = postSolution
		SolutionGuid = {B8913255-D630-4580-8664-3E82E79AEEAA}
	EndGlobalSection
EndGlobal
